Microsoft Visual Studio Solution File, Format Version 11.00
# Visual Studio 2008

Project("{4203DAF7-FDC4-2AFB-4137-5311CFA13873}") = "vertex rotation test", "Assembly-CSharp.csproj", "{133E298B-C3AE-967D-D512-E29FEE5723DE}"
EndProject
Global
	GlobalSection(SolutionConfigurationPlatforms) = preSolution
		Debug|Any CPU = Debug|Any CPU
		Release|Any CPU = Release|Any CPU
	EndGlobalSection
	GlobalSection(ProjectConfigurationPlatforms) = postSolution
		{133E298B-C3AE-967D-D512-E29FEE5723DE}.Debug|Any CPU.ActiveCfg = Debug|Any CPU
		{133E298B-C3AE-967D-D512-E29FEE5723DE}.Debug|Any CPU.Build.0 = Debug|Any CPU
		{133E298B-C3AE-967D-D512-E29FEE5723DE}.Release|Any CPU.ActiveCfg = Release|Any CPU
		{133E298B-C3AE-967D-D512-E29FEE5723DE}.Release|Any CPU.Build.0 = Release|Any CPU
	EndGlobalSection
	GlobalSection(SolutionProperties) = preSolution
		HideSolutionNode = FALSE
	EndGlobalSection
	GlobalSection(MonoDevelopProperties) = preSolution
		StartupItem = Assembly-CSharp.csproj
	EndGlobalSection
EndGlobal
